<<<<<<< HEAD
﻿
Microsoft Visual Studio Solution File, Format Version 12.00
# Visual Studio 2012
Project("{FAE04EC0-301F-11D3-BF4B-00C04F79EFBC}") = "Codene", "Codene\Codene.csproj", "{E756993A-C4BD-43E8-A128-B6B3D73D0ECD}"
	ProjectSection(ProjectDependencies) = postProject
		{642188B2-BAF2-4559-A443-6DED9652AE32} = {642188B2-BAF2-4559-A443-6DED9652AE32}
		{6AC459BA-EA8E-4AFE-9351-F3A4C2789B62} = {6AC459BA-EA8E-4AFE-9351-F3A4C2789B62}
	EndProjectSection
EndProject
Project("{FAE04EC0-301F-11D3-BF4B-00C04F79EFBC}") = "Negocios", "Negocios\Negocios.csproj", "{6AC459BA-EA8E-4AFE-9351-F3A4C2789B62}"
	ProjectSection(ProjectDependencies) = postProject
		{A9B7AD3A-A698-4D2D-B650-013622F3F443} = {A9B7AD3A-A698-4D2D-B650-013622F3F443}
		{642188B2-BAF2-4559-A443-6DED9652AE32} = {642188B2-BAF2-4559-A443-6DED9652AE32}
	EndProjectSection
EndProject
Project("{FAE04EC0-301F-11D3-BF4B-00C04F79EFBC}") = "Datos", "Datos\Datos.csproj", "{A9B7AD3A-A698-4D2D-B650-013622F3F443}"
	ProjectSection(ProjectDependencies) = postProject
		{642188B2-BAF2-4559-A443-6DED9652AE32} = {642188B2-BAF2-4559-A443-6DED9652AE32}
	EndProjectSection
EndProject
Project("{FAE04EC0-301F-11D3-BF4B-00C04F79EFBC}") = "Objetos", "Objetos\Objetos.csproj", "{642188B2-BAF2-4559-A443-6DED9652AE32}"
EndProject
Project("{2150E333-8FDC-42A3-9474-1A3956D46DE8}") = "Solution Items", "Solution Items", "{A93EA349-8EE6-458C-AB0D-2631679420AE}"
	ProjectSection(SolutionItems) = preProject
		consultaMisDatos.html = consultaMisDatos.html
	EndProjectSection
EndProject
Global
	GlobalSection(SubversionScc) = preSolution
		Svn-Managed = True
		Manager = AnkhSVN - Subversion Support for Visual Studio
	EndGlobalSection
	GlobalSection(SolutionConfigurationPlatforms) = preSolution
		Debug|Any CPU = Debug|Any CPU
		Release|Any CPU = Release|Any CPU
	EndGlobalSection
	GlobalSection(ProjectConfigurationPlatforms) = postSolution
		{E756993A-C4BD-43E8-A128-B6B3D73D0ECD}.Debug|Any CPU.ActiveCfg = Debug|Any CPU
		{E756993A-C4BD-43E8-A128-B6B3D73D0ECD}.Debug|Any CPU.Build.0 = Debug|Any CPU
		{E756993A-C4BD-43E8-A128-B6B3D73D0ECD}.Release|Any CPU.ActiveCfg = Release|Any CPU
		{E756993A-C4BD-43E8-A128-B6B3D73D0ECD}.Release|Any CPU.Build.0 = Release|Any CPU
		{6AC459BA-EA8E-4AFE-9351-F3A4C2789B62}.Debug|Any CPU.ActiveCfg = Debug|Any CPU
		{6AC459BA-EA8E-4AFE-9351-F3A4C2789B62}.Debug|Any CPU.Build.0 = Debug|Any CPU
		{6AC459BA-EA8E-4AFE-9351-F3A4C2789B62}.Release|Any CPU.ActiveCfg = Release|Any CPU
		{6AC459BA-EA8E-4AFE-9351-F3A4C2789B62}.Release|Any CPU.Build.0 = Release|Any CPU
		{A9B7AD3A-A698-4D2D-B650-013622F3F443}.Debug|Any CPU.ActiveCfg = Debug|Any CPU
		{A9B7AD3A-A698-4D2D-B650-013622F3F443}.Debug|Any CPU.Build.0 = Debug|Any CPU
		{A9B7AD3A-A698-4D2D-B650-013622F3F443}.Release|Any CPU.ActiveCfg = Release|Any CPU
		{A9B7AD3A-A698-4D2D-B650-013622F3F443}.Release|Any CPU.Build.0 = Release|Any CPU
		{642188B2-BAF2-4559-A443-6DED9652AE32}.Debug|Any CPU.ActiveCfg = Debug|Any CPU
		{642188B2-BAF2-4559-A443-6DED9652AE32}.Debug|Any CPU.Build.0 = Debug|Any CPU
		{642188B2-BAF2-4559-A443-6DED9652AE32}.Release|Any CPU.ActiveCfg = Release|Any CPU
		{642188B2-BAF2-4559-A443-6DED9652AE32}.Release|Any CPU.Build.0 = Release|Any CPU
	EndGlobalSection
	GlobalSection(SolutionProperties) = preSolution
		HideSolutionNode = FALSE
	EndGlobalSection
EndGlobal
=======
﻿
Microsoft Visual Studio Solution File, Format Version 12.00
# Visual Studio 2012
Project("{FAE04EC0-301F-11D3-BF4B-00C04F79EFBC}") = "Codene", "Codene\Codene.csproj", "{E756993A-C4BD-43E8-A128-B6B3D73D0ECD}"
	ProjectSection(ProjectDependencies) = postProject
		{642188B2-BAF2-4559-A443-6DED9652AE32} = {642188B2-BAF2-4559-A443-6DED9652AE32}
		{6AC459BA-EA8E-4AFE-9351-F3A4C2789B62} = {6AC459BA-EA8E-4AFE-9351-F3A4C2789B62}
	EndProjectSection
EndProject
Project("{FAE04EC0-301F-11D3-BF4B-00C04F79EFBC}") = "Negocios", "Negocios\Negocios.csproj", "{6AC459BA-EA8E-4AFE-9351-F3A4C2789B62}"
	ProjectSection(ProjectDependencies) = postProject
		{A9B7AD3A-A698-4D2D-B650-013622F3F443} = {A9B7AD3A-A698-4D2D-B650-013622F3F443}
		{642188B2-BAF2-4559-A443-6DED9652AE32} = {642188B2-BAF2-4559-A443-6DED9652AE32}
	EndProjectSection
EndProject
Project("{FAE04EC0-301F-11D3-BF4B-00C04F79EFBC}") = "Datos", "Datos\Datos.csproj", "{A9B7AD3A-A698-4D2D-B650-013622F3F443}"
	ProjectSection(ProjectDependencies) = postProject
		{642188B2-BAF2-4559-A443-6DED9652AE32} = {642188B2-BAF2-4559-A443-6DED9652AE32}
	EndProjectSection
EndProject
Project("{FAE04EC0-301F-11D3-BF4B-00C04F79EFBC}") = "Objetos", "Objetos\Objetos.csproj", "{642188B2-BAF2-4559-A443-6DED9652AE32}"
EndProject
Project("{2150E333-8FDC-42A3-9474-1A3956D46DE8}") = "Solution Items", "Solution Items", "{A93EA349-8EE6-458C-AB0D-2631679420AE}"
	ProjectSection(SolutionItems) = preProject
		consultaMisDatos.html = consultaMisDatos.html
	EndProjectSection
EndProject
Global
	GlobalSection(SubversionScc) = preSolution
		Svn-Managed = True
		Manager = AnkhSVN - Subversion Support for Visual Studio
	EndGlobalSection
	GlobalSection(SolutionConfigurationPlatforms) = preSolution
		Debug|Any CPU = Debug|Any CPU
		Release|Any CPU = Release|Any CPU
	EndGlobalSection
	GlobalSection(ProjectConfigurationPlatforms) = postSolution
		{E756993A-C4BD-43E8-A128-B6B3D73D0ECD}.Debug|Any CPU.ActiveCfg = Debug|Any CPU
		{E756993A-C4BD-43E8-A128-B6B3D73D0ECD}.Debug|Any CPU.Build.0 = Debug|Any CPU
		{E756993A-C4BD-43E8-A128-B6B3D73D0ECD}.Release|Any CPU.ActiveCfg = Release|Any CPU
		{E756993A-C4BD-43E8-A128-B6B3D73D0ECD}.Release|Any CPU.Build.0 = Release|Any CPU
		{6AC459BA-EA8E-4AFE-9351-F3A4C2789B62}.Debug|Any CPU.ActiveCfg = Debug|Any CPU
		{6AC459BA-EA8E-4AFE-9351-F3A4C2789B62}.Debug|Any CPU.Build.0 = Debug|Any CPU
		{6AC459BA-EA8E-4AFE-9351-F3A4C2789B62}.Release|Any CPU.ActiveCfg = Release|Any CPU
		{6AC459BA-EA8E-4AFE-9351-F3A4C2789B62}.Release|Any CPU.Build.0 = Release|Any CPU
		{A9B7AD3A-A698-4D2D-B650-013622F3F443}.Debug|Any CPU.ActiveCfg = Debug|Any CPU
		{A9B7AD3A-A698-4D2D-B650-013622F3F443}.Debug|Any CPU.Build.0 = Debug|Any CPU
		{A9B7AD3A-A698-4D2D-B650-013622F3F443}.Release|Any CPU.ActiveCfg = Release|Any CPU
		{A9B7AD3A-A698-4D2D-B650-013622F3F443}.Release|Any CPU.Build.0 = Release|Any CPU
		{642188B2-BAF2-4559-A443-6DED9652AE32}.Debug|Any CPU.ActiveCfg = Debug|Any CPU
		{642188B2-BAF2-4559-A443-6DED9652AE32}.Debug|Any CPU.Build.0 = Debug|Any CPU
		{642188B2-BAF2-4559-A443-6DED9652AE32}.Release|Any CPU.ActiveCfg = Release|Any CPU
		{642188B2-BAF2-4559-A443-6DED9652AE32}.Release|Any CPU.Build.0 = Release|Any CPU
	EndGlobalSection
	GlobalSection(SolutionProperties) = preSolution
		HideSolutionNode = FALSE
	EndGlobalSection
EndGlobal
>>>>>>> refs/remotes/origin/mllarin
